{
  "name": "dbf_converter",
  "version": "1.0.0",
  "lockfileVersion": 3,
  "requires": true,
  "packages": {
    "": {
      "name": "dbf_converter",
      "version": "1.0.0",
      "license": "ISC",
      "dependencies": {
        "dbf-reader": "^1.0.3"
      }
    },
    "node_modules/dbf-reader": {
      "version": "1.0.3",
      "resolved": "https://registry.npmjs.org/dbf-reader/-/dbf-reader-1.0.3.tgz",
      "integrity": "sha512-84gjZ/ijJ1pAmGXgBCWu457dpdGn/skCNoHZbx+ReW1debxQmMIjvltK1Z58g2OKe2Pf6PxLVMM9Ci/atq/yVw=="
    }
  }
}
